
Microsoft Visual Studio Solution File, Format Version 12.00
# Visual Studio Version 17
VisualStudioVersion = 17.5.33530.505
MinimumVisualStudioVersion = 10.0.40219.1
Project("{FAE04EC0-301F-11D3-BF4B-00C04F79EFBC}") = "SistemaDeTarefas", "SistemaDeTarefas\SistemaDeTarefas.csproj", "{ED155237-BE30-462D-99D0-83EAAB7DEBB3}"
EndProject
Global
	GlobalSection(SolutionConfigurationPlatforms) = preSolution
		Debug|Any CPU = Debug|Any CPU
		Release|Any CPU = Release|Any CPU
	EndGlobalSection
	GlobalSection(ProjectConfigurationPlatforms) = postSolution
		{ED155237-BE30-462D-99D0-83EAAB7DEBB3}.Debug|Any CPU.ActiveCfg = Debug|Any CPU
		{ED155237-BE30-462D-99D0-83EAAB7DEBB3}.Debug|Any CPU.Build.0 = Debug|Any CPU
		{ED155237-BE30-462D-99D0-83EAAB7DEBB3}.Release|Any CPU.ActiveCfg = Release|Any CPU
		{ED155237-BE30-462D-99D0-83EAAB7DEBB3}.Release|Any CPU.Build.0 = Release|Any CPU
	EndGlobalSection
	GlobalSection(SolutionProperties) = preSolution
		HideSolutionNode = FALSE
	EndGlobalSection
	GlobalSection(ExtensibilityGlobals) = postSolution
		SolutionGuid = {6D303215-98E5-4C9E-A3BF-51EF09CD64FD}
	EndGlobalSection
EndGlobal
